
Microsoft Visual Studio Solution File, Format Version 12.00
# Visual Studio Version 17
VisualStudioVersion = 17.7.34221.43
MinimumVisualStudioVersion = 10.0.40219.1
Project("{9A19103F-16F7-4668-BE54-9A1E7A4F7556}") = "SampleAPI", "SampleAPI\SampleAPI.csproj", "{116991E2-CE24-407F-A093-C76C6C44DE04}"
EndProject
Global
	GlobalSection(SolutionConfigurationPlatforms) = preSolution
		Debug|Any CPU = Debug|Any CPU
		Release|Any CPU = Release|Any CPU
	EndGlobalSection
	GlobalSection(ProjectConfigurationPlatforms) = postSolution
		{116991E2-CE24-407F-A093-C76C6C44DE04}.Debug|Any CPU.ActiveCfg = Debug|Any CPU
		{116991E2-CE24-407F-A093-C76C6C44DE04}.Debug|Any CPU.Build.0 = Debug|Any CPU
		{116991E2-CE24-407F-A093-C76C6C44DE04}.Release|Any CPU.ActiveCfg = Release|Any CPU
		{116991E2-CE24-407F-A093-C76C6C44DE04}.Release|Any CPU.Build.0 = Release|Any CPU
	EndGlobalSection
	GlobalSection(SolutionProperties) = preSolution
		HideSolutionNode = FALSE
	EndGlobalSection
	GlobalSection(ExtensibilityGlobals) = postSolution
		SolutionGuid = {B598DE94-6899-45F8-8901-39DB6229CD6A}
	EndGlobalSection
EndGlobal
