
Microsoft Visual Studio Solution File, Format Version 12.00
# Visual Studio Version 17
VisualStudioVersion = 17.7.34221.43
MinimumVisualStudioVersion = 10.0.40219.1
Project("{FAE04EC0-301F-11D3-BF4B-00C04F79EFBC}") = "TodoAPI", "TodoAPI\TodoAPI.csproj", "{DC59976A-6E15-4688-B17B-1D1DC5C82621}"
EndProject
Global
	GlobalSection(SolutionConfigurationPlatforms) = preSolution
		Debug|Any CPU = Debug|Any CPU
		Release|Any CPU = Release|Any CPU
	EndGlobalSection
	GlobalSection(ProjectConfigurationPlatforms) = postSolution
		{DC59976A-6E15-4688-B17B-1D1DC5C82621}.Debug|Any CPU.ActiveCfg = Debug|Any CPU
		{DC59976A-6E15-4688-B17B-1D1DC5C82621}.Debug|Any CPU.Build.0 = Debug|Any CPU
		{DC59976A-6E15-4688-B17B-1D1DC5C82621}.Release|Any CPU.ActiveCfg = Release|Any CPU
		{DC59976A-6E15-4688-B17B-1D1DC5C82621}.Release|Any CPU.Build.0 = Release|Any CPU
	EndGlobalSection
	GlobalSection(SolutionProperties) = preSolution
		HideSolutionNode = FALSE
	EndGlobalSection
	GlobalSection(ExtensibilityGlobals) = postSolution
		SolutionGuid = {B598DE94-6899-45F8-8901-39DB6229CD6A}
	EndGlobalSection
EndGlobal
