
Microsoft Visual Studio Solution File, Format Version 12.00
# Visual Studio Version 17
VisualStudioVersion = 17.7.34221.43
MinimumVisualStudioVersion = 10.0.40219.1
Project("{FAE04EC0-301F-11D3-BF4B-00C04F79EFBC}") = "SampleAPI", "SampleAPI\SampleAPI.csproj", "{FF12FC19-EB73-4AFB-927D-77887D5A6EB1}"
EndProject
Project("{E53339B2-1760-4266-BCC7-CA923CBCF16C}") = "docker-compose", "docker-compose.dcproj", "{185BF76B-DEE8-40E0-9A48-78C466BDA620}"
EndProject
Global
	GlobalSection(SolutionConfigurationPlatforms) = preSolution
		Debug|Any CPU = Debug|Any CPU
		Release|Any CPU = Release|Any CPU
	EndGlobalSection
	GlobalSection(ProjectConfigurationPlatforms) = postSolution
		{FF12FC19-EB73-4AFB-927D-77887D5A6EB1}.Debug|Any CPU.ActiveCfg = Debug|Any CPU
		{FF12FC19-EB73-4AFB-927D-77887D5A6EB1}.Debug|Any CPU.Build.0 = Debug|Any CPU
		{FF12FC19-EB73-4AFB-927D-77887D5A6EB1}.Release|Any CPU.ActiveCfg = Release|Any CPU
		{FF12FC19-EB73-4AFB-927D-77887D5A6EB1}.Release|Any CPU.Build.0 = Release|Any CPU
		{185BF76B-DEE8-40E0-9A48-78C466BDA620}.Debug|Any CPU.ActiveCfg = Debug|Any CPU
		{185BF76B-DEE8-40E0-9A48-78C466BDA620}.Debug|Any CPU.Build.0 = Debug|Any CPU
		{185BF76B-DEE8-40E0-9A48-78C466BDA620}.Release|Any CPU.ActiveCfg = Release|Any CPU
		{185BF76B-DEE8-40E0-9A48-78C466BDA620}.Release|Any CPU.Build.0 = Release|Any CPU
	EndGlobalSection
	GlobalSection(SolutionProperties) = preSolution
		HideSolutionNode = FALSE
	EndGlobalSection
	GlobalSection(ExtensibilityGlobals) = postSolution
		SolutionGuid = {B598DE94-6899-45F8-8901-39DB6229CD6A}
	EndGlobalSection
EndGlobal
